
Microsoft Visual Studio Solution File, Format Version 12.00
Project("{2150E333-8FDC-42A3-9474-1A3956D46DE8}") = "src", "src", "{61498F14-C956-4D68-880B-906EAD297137}"
EndProject
Project("{2150E333-8FDC-42A3-9474-1A3956D46DE8}") = "core", "core", "{1067FB86-4FEB-481D-841F-70C2DDD86212}"
EndProject
Project("{FAE04EC0-301F-11D3-BF4B-00C04F79EFBC}") = "Application", "src\core\Application\Application.csproj", "{76A9C010-F23A-417E-B77B-F0CA6178E183}"
EndProject
Project("{FAE04EC0-301F-11D3-BF4B-00C04F79EFBC}") = "Domain", "src\core\Domain\Domain.csproj", "{D25DDADE-63F6-4D80-8BF0-527D2CCB1B11}"
EndProject
Project("{FAE04EC0-301F-11D3-BF4B-00C04F79EFBC}") = "Infrastructure", "src\Infrastructure\Infrastructure.csproj", "{E350E2F5-D964-4665-A727-EC9FF506CAD6}"
EndProject
Project("{FAE04EC0-301F-11D3-BF4B-00C04F79EFBC}") = "WebApi", "WebApi\WebApi.csproj", "{7FE6E69B-53EF-44AE-8436-30AF3AE1261A}"
EndProject
Project("{2150E333-8FDC-42A3-9474-1A3956D46DE8}") = "Solution Items", "Solution Items", "{71F57EA8-4C02-498F-BC6D-ED19015ACC16}"
	ProjectSection(SolutionItems) = preProject
		.editorconfig = .editorconfig
		.gitignore = .gitignore
		Directory.Build.props = Directory.Build.props
	EndProjectSection
EndProject
Global
	GlobalSection(SolutionConfigurationPlatforms) = preSolution
		Debug|Any CPU = Debug|Any CPU
		Release|Any CPU = Release|Any CPU
	EndGlobalSection
	GlobalSection(ProjectConfigurationPlatforms) = postSolution
		{76A9C010-F23A-417E-B77B-F0CA6178E183}.Debug|Any CPU.ActiveCfg = Debug|Any CPU
		{76A9C010-F23A-417E-B77B-F0CA6178E183}.Debug|Any CPU.Build.0 = Debug|Any CPU
		{76A9C010-F23A-417E-B77B-F0CA6178E183}.Release|Any CPU.ActiveCfg = Release|Any CPU
		{76A9C010-F23A-417E-B77B-F0CA6178E183}.Release|Any CPU.Build.0 = Release|Any CPU
		{D25DDADE-63F6-4D80-8BF0-527D2CCB1B11}.Debug|Any CPU.ActiveCfg = Debug|Any CPU
		{D25DDADE-63F6-4D80-8BF0-527D2CCB1B11}.Debug|Any CPU.Build.0 = Debug|Any CPU
		{D25DDADE-63F6-4D80-8BF0-527D2CCB1B11}.Release|Any CPU.ActiveCfg = Release|Any CPU
		{D25DDADE-63F6-4D80-8BF0-527D2CCB1B11}.Release|Any CPU.Build.0 = Release|Any CPU
		{E350E2F5-D964-4665-A727-EC9FF506CAD6}.Debug|Any CPU.ActiveCfg = Debug|Any CPU
		{E350E2F5-D964-4665-A727-EC9FF506CAD6}.Debug|Any CPU.Build.0 = Debug|Any CPU
		{E350E2F5-D964-4665-A727-EC9FF506CAD6}.Release|Any CPU.ActiveCfg = Release|Any CPU
		{E350E2F5-D964-4665-A727-EC9FF506CAD6}.Release|Any CPU.Build.0 = Release|Any CPU
		{7FE6E69B-53EF-44AE-8436-30AF3AE1261A}.Debug|Any CPU.ActiveCfg = Debug|Any CPU
		{7FE6E69B-53EF-44AE-8436-30AF3AE1261A}.Debug|Any CPU.Build.0 = Debug|Any CPU
		{7FE6E69B-53EF-44AE-8436-30AF3AE1261A}.Release|Any CPU.ActiveCfg = Release|Any CPU
		{7FE6E69B-53EF-44AE-8436-30AF3AE1261A}.Release|Any CPU.Build.0 = Release|Any CPU
	EndGlobalSection
	GlobalSection(NestedProjects) = preSolution
		{1067FB86-4FEB-481D-841F-70C2DDD86212} = {61498F14-C956-4D68-880B-906EAD297137}
		{76A9C010-F23A-417E-B77B-F0CA6178E183} = {1067FB86-4FEB-481D-841F-70C2DDD86212}
		{D25DDADE-63F6-4D80-8BF0-527D2CCB1B11} = {1067FB86-4FEB-481D-841F-70C2DDD86212}
		{E350E2F5-D964-4665-A727-EC9FF506CAD6} = {61498F14-C956-4D68-880B-906EAD297137}
		{7FE6E69B-53EF-44AE-8436-30AF3AE1261A} = {61498F14-C956-4D68-880B-906EAD297137}
	EndGlobalSection
EndGlobal
